
Microsoft Visual Studio Solution File, Format Version 12.00
# Visual Studio 2013
VisualStudioVersion = 12.0.30110.0
MinimumVisualStudioVersion = 10.0.40219.1
Project("{FAE04EC0-301F-11D3-BF4B-00C04F79EFBC}") = "Furnace", "Furnace\Furnace.csproj", "{9E48A6F6-C469-492D-A911-89E4319B9FD6}"
EndProject
Project("{FAE04EC0-301F-11D3-BF4B-00C04F79EFBC}") = "Furnace.Boiler", "Furnace.Boiler\Furnace.Boiler.csproj", "{ED654B65-D2FB-43C5-8110-4D596DF762E7}"
EndProject
Project("{2150E333-8FDC-42A3-9474-1A3956D46DE8}") = ".nuget", ".nuget", "{25CEEB47-27E2-440E-BAAC-621E17C1266C}"
	ProjectSection(SolutionItems) = preProject
		.nuget\NuGet.Config = .nuget\NuGet.Config
		.nuget\NuGet.exe = .nuget\NuGet.exe
		.nuget\NuGet.targets = .nuget\NuGet.targets
	EndProjectSection
EndProject
Project("{2150E333-8FDC-42A3-9474-1A3956D46DE8}") = "TestProjects", "TestProjects", "{07B82DFF-FB94-4CAF-A089-119F833B4484}"
EndProject
Project("{2150E333-8FDC-42A3-9474-1A3956D46DE8}") = "Tests", "Tests", "{426DEA60-4AEC-4820-8D8D-657DD64DF9B9}"
EndProject
Project("{FAE04EC0-301F-11D3-BF4B-00C04F79EFBC}") = "Furnace.Tests", "Tests\Furnace.Tests\Furnace.Tests.csproj", "{7F6BB4CE-B5E8-4E98-ACE6-FBDA2268ED26}"
EndProject
Project("{2150E333-8FDC-42A3-9474-1A3956D46DE8}") = "WithTwoClasses", "WithTwoClasses", "{8362D785-524E-43B2-8090-00262DD37392}"
EndProject
Project("{2150E333-8FDC-42A3-9474-1A3956D46DE8}") = "WithOneClass", "WithOneClass", "{7B658162-E02C-41FC-8295-6A1EFA6C7649}"
EndProject
Project("{FAE04EC0-301F-11D3-BF4B-00C04F79EFBC}") = "WithNoClasses", "Tests\TestProjects\WithNoClasses\WithNoClasses.csproj", "{CA09A680-D4E0-4A97-94C4-49B51357094F}"
EndProject
Project("{2150E333-8FDC-42A3-9474-1A3956D46DE8}") = ".git", ".git", "{DD18BFE9-CB45-4A55-AC61-E99536AE3FE6}"
	ProjectSection(SolutionItems) = preProject
		..\.gitattributes = ..\.gitattributes
		..\.gitignore = ..\.gitignore
	EndProjectSection
EndProject
Project("{2150E333-8FDC-42A3-9474-1A3956D46DE8}") = "AndOneMember", "AndOneMember", "{62AB8DAA-6A22-4E2E-9DC7-BFC09E7C9041}"
EndProject
Project("{FAE04EC0-301F-11D3-BF4B-00C04F79EFBC}") = "WithOneClass.AndNoMembers", "Tests\TestProjects\WithOneClass\WithOneClass.AndNoMembers\WithOneClass.AndNoMembers.csproj", "{7B44B1A0-C3B9-4B6D-95A9-782564B30B40}"
EndProject
Project("{FAE04EC0-301F-11D3-BF4B-00C04F79EFBC}") = "WithOneClass.AndOneComplexMember", "Tests\TestProjects\WithOneClass\WithOneClass.AndOneComplexMember\WithOneClass.AndOneComplexMember.csproj", "{046ABCE0-13EF-45F2-A997-9A9757DA2178}"
EndProject
Project("{FAE04EC0-301F-11D3-BF4B-00C04F79EFBC}") = "WithTwoClasses.AndNoMembers", "Tests\TestProjects\WithTwoClasses\WithTwoClasses.AndNoMembers\WithTwoClasses.AndNoMembers.csproj", "{4602133E-8118-4B84-B1A3-D666AA1D3067}"
EndProject
Project("{2150E333-8FDC-42A3-9474-1A3956D46DE8}") = "AndOneMember", "AndOneMember", "{1DBDF87A-B55A-4DB7-99C9-EEC323F7ACD8}"
EndProject
Project("{FAE04EC0-301F-11D3-BF4B-00C04F79EFBC}") = "WithTwoClasses.AndOneMember.AndDefaultValue", "Tests\TestProjects\WithTwoClasses\AndOneMember\WithTwoClasses.AndOneMember.AndDefaultValue\WithTwoClasses.AndOneMember.AndDefaultValue.csproj", "{7D0C7AD7-7167-46EF-AEF2-98C5CAD34F41}"
EndProject
Project("{FAE04EC0-301F-11D3-BF4B-00C04F79EFBC}") = "WithTwoClasses.AndOneMember", "Tests\TestProjects\WithTwoClasses\AndOneMember\WithTwoClasses.AndOneMember\WithTwoClasses.AndOneMember.csproj", "{C11DD429-1AA2-4F18-8D1E-479988FF807F}"
EndProject
Project("{FAE04EC0-301F-11D3-BF4B-00C04F79EFBC}") = "WithOneClass.AndOneStringMember", "Tests\TestProjects\WithOneClass\AndOneMember\WithOneClass.AndOneStringMember\WithOneClass.AndOneStringMember.csproj", "{DDC48198-79A9-4266-8845-03663A1E3E76}"
EndProject
Project("{FAE04EC0-301F-11D3-BF4B-00C04F79EFBC}") = "WithOneClass.AndOneStringMember.AndDefaultValue", "Tests\TestProjects\WithOneClass\AndOneMember\WithOneClass.AndOneStringMember.AndDefaultValue\WithOneClass.AndOneStringMember.AndDefaultValue.csproj", "{07314E73-2C72-4B37-A31C-38FA9071B327}"
EndProject
Project("{FAE04EC0-301F-11D3-BF4B-00C04F79EFBC}") = "WithOneClass.AndOneIntegerMember", "Tests\TestProjects\WithOneClass\AndOneMember\WithOneClass.AndOneIntegerMember\WithOneClass.AndOneIntegerMember.csproj", "{D3AC48D3-5382-49F5-91D3-3FA35FA8FB19}"
EndProject
Project("{FAE04EC0-301F-11D3-BF4B-00C04F79EFBC}") = "WithOneClass.AndOneBooleanMember", "Tests\TestProjects\WithOneClass\AndOneMember\WithOneClass.AndOneBooleanMember\WithOneClass.AndOneBooleanMember.csproj", "{C3C6396E-646D-4F2C-BE59-F7F53385351C}"
EndProject
Project("{FAE04EC0-301F-11D3-BF4B-00C04F79EFBC}") = "WithOneClass.AndOneDateTimeMember", "Tests\TestProjects\WithOneClass\AndOneMember\WithOneClass.AndOneDateTimeMember\WithOneClass.AndOneDateTimeMember.csproj", "{35A03DA7-FB36-4D30-98DA-C77906A419F6}"
EndProject
Project("{FAE04EC0-301F-11D3-BF4B-00C04F79EFBC}") = "WithOneClass.AndOneDateTimeMember.AndDefaultValue", "Tests\TestProjects\WithOneClass\AndOneMember\WithOneClass.AndOneDateTimeMember.AndDefaultValue\WithOneClass.AndOneDateTimeMember.AndDefaultValue.csproj", "{AF85BE5F-C376-40EB-8EE9-4860CD57E4D7}"
EndProject
Project("{FAE04EC0-301F-11D3-BF4B-00C04F79EFBC}") = "Furnace.Roslyn.Tests", "Tests\Furnace.Roslyn.Tests\Furnace.Roslyn.Tests.csproj", "{9899F053-3446-410D-B0D2-39F7DD923850}"
EndProject
Global
	GlobalSection(SolutionConfigurationPlatforms) = preSolution
		Debug|Any CPU = Debug|Any CPU
		Debug|Mixed Platforms = Debug|Mixed Platforms
		Debug|x86 = Debug|x86
		Release|Any CPU = Release|Any CPU
		Release|Mixed Platforms = Release|Mixed Platforms
		Release|x86 = Release|x86
	EndGlobalSection
	GlobalSection(ProjectConfigurationPlatforms) = postSolution
		{9E48A6F6-C469-492D-A911-89E4319B9FD6}.Debug|Any CPU.ActiveCfg = Debug|Any CPU
		{9E48A6F6-C469-492D-A911-89E4319B9FD6}.Debug|Any CPU.Build.0 = Debug|Any CPU
		{9E48A6F6-C469-492D-A911-89E4319B9FD6}.Debug|Mixed Platforms.ActiveCfg = Debug|Any CPU
		{9E48A6F6-C469-492D-A911-89E4319B9FD6}.Debug|Mixed Platforms.Build.0 = Debug|Any CPU
		{9E48A6F6-C469-492D-A911-89E4319B9FD6}.Debug|x86.ActiveCfg = Debug|Any CPU
		{9E48A6F6-C469-492D-A911-89E4319B9FD6}.Release|Any CPU.ActiveCfg = Release|Any CPU
		{9E48A6F6-C469-492D-A911-89E4319B9FD6}.Release|Any CPU.Build.0 = Release|Any CPU
		{9E48A6F6-C469-492D-A911-89E4319B9FD6}.Release|Mixed Platforms.ActiveCfg = Release|Any CPU
		{9E48A6F6-C469-492D-A911-89E4319B9FD6}.Release|Mixed Platforms.Build.0 = Release|Any CPU
		{9E48A6F6-C469-492D-A911-89E4319B9FD6}.Release|x86.ActiveCfg = Release|Any CPU
		{ED654B65-D2FB-43C5-8110-4D596DF762E7}.Debug|Any CPU.ActiveCfg = Debug|Any CPU
		{ED654B65-D2FB-43C5-8110-4D596DF762E7}.Debug|Any CPU.Build.0 = Debug|Any CPU
		{ED654B65-D2FB-43C5-8110-4D596DF762E7}.Debug|Mixed Platforms.ActiveCfg = Debug|Any CPU
		{ED654B65-D2FB-43C5-8110-4D596DF762E7}.Debug|Mixed Platforms.Build.0 = Debug|Any CPU
		{ED654B65-D2FB-43C5-8110-4D596DF762E7}.Debug|x86.ActiveCfg = Debug|Any CPU
		{ED654B65-D2FB-43C5-8110-4D596DF762E7}.Release|Any CPU.ActiveCfg = Release|Any CPU
		{ED654B65-D2FB-43C5-8110-4D596DF762E7}.Release|Any CPU.Build.0 = Release|Any CPU
		{ED654B65-D2FB-43C5-8110-4D596DF762E7}.Release|Mixed Platforms.ActiveCfg = Release|Any CPU
		{ED654B65-D2FB-43C5-8110-4D596DF762E7}.Release|Mixed Platforms.Build.0 = Release|Any CPU
		{ED654B65-D2FB-43C5-8110-4D596DF762E7}.Release|x86.ActiveCfg = Release|Any CPU
		{7F6BB4CE-B5E8-4E98-ACE6-FBDA2268ED26}.Debug|Any CPU.ActiveCfg = Debug|Any CPU
		{7F6BB4CE-B5E8-4E98-ACE6-FBDA2268ED26}.Debug|Any CPU.Build.0 = Debug|Any CPU
		{7F6BB4CE-B5E8-4E98-ACE6-FBDA2268ED26}.Debug|Mixed Platforms.ActiveCfg = Debug|Any CPU
		{7F6BB4CE-B5E8-4E98-ACE6-FBDA2268ED26}.Debug|Mixed Platforms.Build.0 = Debug|Any CPU
		{7F6BB4CE-B5E8-4E98-ACE6-FBDA2268ED26}.Debug|x86.ActiveCfg = Debug|Any CPU
		{7F6BB4CE-B5E8-4E98-ACE6-FBDA2268ED26}.Release|Any CPU.ActiveCfg = Release|Any CPU
		{7F6BB4CE-B5E8-4E98-ACE6-FBDA2268ED26}.Release|Any CPU.Build.0 = Release|Any CPU
		{7F6BB4CE-B5E8-4E98-ACE6-FBDA2268ED26}.Release|Mixed Platforms.ActiveCfg = Release|Any CPU
		{7F6BB4CE-B5E8-4E98-ACE6-FBDA2268ED26}.Release|Mixed Platforms.Build.0 = Release|Any CPU
		{7F6BB4CE-B5E8-4E98-ACE6-FBDA2268ED26}.Release|x86.ActiveCfg = Release|Any CPU
		{CA09A680-D4E0-4A97-94C4-49B51357094F}.Debug|Any CPU.ActiveCfg = Debug|Any CPU
		{CA09A680-D4E0-4A97-94C4-49B51357094F}.Debug|Any CPU.Build.0 = Debug|Any CPU
		{CA09A680-D4E0-4A97-94C4-49B51357094F}.Debug|Mixed Platforms.ActiveCfg = Debug|Any CPU
		{CA09A680-D4E0-4A97-94C4-49B51357094F}.Debug|Mixed Platforms.Build.0 = Debug|Any CPU
		{CA09A680-D4E0-4A97-94C4-49B51357094F}.Debug|x86.ActiveCfg = Debug|Any CPU
		{CA09A680-D4E0-4A97-94C4-49B51357094F}.Release|Any CPU.ActiveCfg = Release|Any CPU
		{CA09A680-D4E0-4A97-94C4-49B51357094F}.Release|Any CPU.Build.0 = Release|Any CPU
		{CA09A680-D4E0-4A97-94C4-49B51357094F}.Release|Mixed Platforms.ActiveCfg = Release|Any CPU
		{CA09A680-D4E0-4A97-94C4-49B51357094F}.Release|Mixed Platforms.Build.0 = Release|Any CPU
		{CA09A680-D4E0-4A97-94C4-49B51357094F}.Release|x86.ActiveCfg = Release|Any CPU
		{7B44B1A0-C3B9-4B6D-95A9-782564B30B40}.Debug|Any CPU.ActiveCfg = Debug|Any CPU
		{7B44B1A0-C3B9-4B6D-95A9-782564B30B40}.Debug|Any CPU.Build.0 = Debug|Any CPU
		{7B44B1A0-C3B9-4B6D-95A9-782564B30B40}.Debug|Mixed Platforms.ActiveCfg = Debug|Any CPU
		{7B44B1A0-C3B9-4B6D-95A9-782564B30B40}.Debug|Mixed Platforms.Build.0 = Debug|Any CPU
		{7B44B1A0-C3B9-4B6D-95A9-782564B30B40}.Debug|x86.ActiveCfg = Debug|Any CPU
		{7B44B1A0-C3B9-4B6D-95A9-782564B30B40}.Release|Any CPU.ActiveCfg = Release|Any CPU
		{7B44B1A0-C3B9-4B6D-95A9-782564B30B40}.Release|Any CPU.Build.0 = Release|Any CPU
		{7B44B1A0-C3B9-4B6D-95A9-782564B30B40}.Release|Mixed Platforms.ActiveCfg = Release|Any CPU
		{7B44B1A0-C3B9-4B6D-95A9-782564B30B40}.Release|Mixed Platforms.Build.0 = Release|Any CPU
		{7B44B1A0-C3B9-4B6D-95A9-782564B30B40}.Release|x86.ActiveCfg = Release|Any CPU
		{046ABCE0-13EF-45F2-A997-9A9757DA2178}.Debug|Any CPU.ActiveCfg = Debug|Any CPU
		{046ABCE0-13EF-45F2-A997-9A9757DA2178}.Debug|Any CPU.Build.0 = Debug|Any CPU
		{046ABCE0-13EF-45F2-A997-9A9757DA2178}.Debug|Mixed Platforms.ActiveCfg = Debug|Any CPU
		{046ABCE0-13EF-45F2-A997-9A9757DA2178}.Debug|Mixed Platforms.Build.0 = Debug|Any CPU
		{046ABCE0-13EF-45F2-A997-9A9757DA2178}.Debug|x86.ActiveCfg = Debug|Any CPU
		{046ABCE0-13EF-45F2-A997-9A9757DA2178}.Release|Any CPU.ActiveCfg = Release|Any CPU
		{046ABCE0-13EF-45F2-A997-9A9757DA2178}.Release|Any CPU.Build.0 = Release|Any CPU
		{046ABCE0-13EF-45F2-A997-9A9757DA2178}.Release|Mixed Platforms.ActiveCfg = Release|Any CPU
		{046ABCE0-13EF-45F2-A997-9A9757DA2178}.Release|Mixed Platforms.Build.0 = Release|Any CPU
		{046ABCE0-13EF-45F2-A997-9A9757DA2178}.Release|x86.ActiveCfg = Release|Any CPU
		{4602133E-8118-4B84-B1A3-D666AA1D3067}.Debug|Any CPU.ActiveCfg = Debug|Any CPU
		{4602133E-8118-4B84-B1A3-D666AA1D3067}.Debug|Any CPU.Build.0 = Debug|Any CPU
		{4602133E-8118-4B84-B1A3-D666AA1D3067}.Debug|Mixed Platforms.ActiveCfg = Debug|Any CPU
		{4602133E-8118-4B84-B1A3-D666AA1D3067}.Debug|Mixed Platforms.Build.0 = Debug|Any CPU
		{4602133E-8118-4B84-B1A3-D666AA1D3067}.Debug|x86.ActiveCfg = Debug|Any CPU
		{4602133E-8118-4B84-B1A3-D666AA1D3067}.Release|Any CPU.ActiveCfg = Release|Any CPU
		{4602133E-8118-4B84-B1A3-D666AA1D3067}.Release|Any CPU.Build.0 = Release|Any CPU
		{4602133E-8118-4B84-B1A3-D666AA1D3067}.Release|Mixed Platforms.ActiveCfg = Release|Any CPU
		{4602133E-8118-4B84-B1A3-D666AA1D3067}.Release|Mixed Platforms.Build.0 = Release|Any CPU
		{4602133E-8118-4B84-B1A3-D666AA1D3067}.Release|x86.ActiveCfg = Release|Any CPU
		{7D0C7AD7-7167-46EF-AEF2-98C5CAD34F41}.Debug|Any CPU.ActiveCfg = Debug|Any CPU
		{7D0C7AD7-7167-46EF-AEF2-98C5CAD34F41}.Debug|Any CPU.Build.0 = Debug|Any CPU
		{7D0C7AD7-7167-46EF-AEF2-98C5CAD34F41}.Debug|Mixed Platforms.ActiveCfg = Debug|Any CPU
		{7D0C7AD7-7167-46EF-AEF2-98C5CAD34F41}.Debug|Mixed Platforms.Build.0 = Debug|Any CPU
		{7D0C7AD7-7167-46EF-AEF2-98C5CAD34F41}.Debug|x86.ActiveCfg = Debug|Any CPU
		{7D0C7AD7-7167-46EF-AEF2-98C5CAD34F41}.Release|Any CPU.ActiveCfg = Release|Any CPU
		{7D0C7AD7-7167-46EF-AEF2-98C5CAD34F41}.Release|Any CPU.Build.0 = Release|Any CPU
		{7D0C7AD7-7167-46EF-AEF2-98C5CAD34F41}.Release|Mixed Platforms.ActiveCfg = Release|Any CPU
		{7D0C7AD7-7167-46EF-AEF2-98C5CAD34F41}.Release|Mixed Platforms.Build.0 = Release|Any CPU
		{7D0C7AD7-7167-46EF-AEF2-98C5CAD34F41}.Release|x86.ActiveCfg = Release|Any CPU
		{C11DD429-1AA2-4F18-8D1E-479988FF807F}.Debug|Any CPU.ActiveCfg = Debug|Any CPU
		{C11DD429-1AA2-4F18-8D1E-479988FF807F}.Debug|Any CPU.Build.0 = Debug|Any CPU
		{C11DD429-1AA2-4F18-8D1E-479988FF807F}.Debug|Mixed Platforms.ActiveCfg = Debug|Any CPU
		{C11DD429-1AA2-4F18-8D1E-479988FF807F}.Debug|Mixed Platforms.Build.0 = Debug|Any CPU
		{C11DD429-1AA2-4F18-8D1E-479988FF807F}.Debug|x86.ActiveCfg = Debug|Any CPU
		{C11DD429-1AA2-4F18-8D1E-479988FF807F}.Release|Any CPU.ActiveCfg = Release|Any CPU
		{C11DD429-1AA2-4F18-8D1E-479988FF807F}.Release|Any CPU.Build.0 = Release|Any CPU
		{C11DD429-1AA2-4F18-8D1E-479988FF807F}.Release|Mixed Platforms.ActiveCfg = Release|Any CPU
		{C11DD429-1AA2-4F18-8D1E-479988FF807F}.Release|Mixed Platforms.Build.0 = Release|Any CPU
		{C11DD429-1AA2-4F18-8D1E-479988FF807F}.Release|x86.ActiveCfg = Release|Any CPU
		{DDC48198-79A9-4266-8845-03663A1E3E76}.Debug|Any CPU.ActiveCfg = Debug|x86
		{DDC48198-79A9-4266-8845-03663A1E3E76}.Debug|Mixed Platforms.ActiveCfg = Debug|x86
		{DDC48198-79A9-4266-8845-03663A1E3E76}.Debug|Mixed Platforms.Build.0 = Debug|x86
		{DDC48198-79A9-4266-8845-03663A1E3E76}.Debug|x86.ActiveCfg = Debug|x86
		{DDC48198-79A9-4266-8845-03663A1E3E76}.Debug|x86.Build.0 = Debug|x86
		{DDC48198-79A9-4266-8845-03663A1E3E76}.Release|Any CPU.ActiveCfg = Release|x86
		{DDC48198-79A9-4266-8845-03663A1E3E76}.Release|Mixed Platforms.ActiveCfg = Release|x86
		{DDC48198-79A9-4266-8845-03663A1E3E76}.Release|Mixed Platforms.Build.0 = Release|x86
		{DDC48198-79A9-4266-8845-03663A1E3E76}.Release|x86.ActiveCfg = Release|x86
		{DDC48198-79A9-4266-8845-03663A1E3E76}.Release|x86.Build.0 = Release|x86
		{07314E73-2C72-4B37-A31C-38FA9071B327}.Debug|Any CPU.ActiveCfg = Debug|Any CPU
		{07314E73-2C72-4B37-A31C-38FA9071B327}.Debug|Any CPU.Build.0 = Debug|Any CPU
		{07314E73-2C72-4B37-A31C-38FA9071B327}.Debug|Mixed Platforms.ActiveCfg = Debug|Any CPU
		{07314E73-2C72-4B37-A31C-38FA9071B327}.Debug|Mixed Platforms.Build.0 = Debug|Any CPU
		{07314E73-2C72-4B37-A31C-38FA9071B327}.Debug|x86.ActiveCfg = Debug|Any CPU
		{07314E73-2C72-4B37-A31C-38FA9071B327}.Release|Any CPU.ActiveCfg = Release|Any CPU
		{07314E73-2C72-4B37-A31C-38FA9071B327}.Release|Any CPU.Build.0 = Release|Any CPU
		{07314E73-2C72-4B37-A31C-38FA9071B327}.Release|Mixed Platforms.ActiveCfg = Release|Any CPU
		{07314E73-2C72-4B37-A31C-38FA9071B327}.Release|Mixed Platforms.Build.0 = Release|Any CPU
		{07314E73-2C72-4B37-A31C-38FA9071B327}.Release|x86.ActiveCfg = Release|Any CPU
		{D3AC48D3-5382-49F5-91D3-3FA35FA8FB19}.Debug|Any CPU.ActiveCfg = Debug|Any CPU
		{D3AC48D3-5382-49F5-91D3-3FA35FA8FB19}.Debug|Any CPU.Build.0 = Debug|Any CPU
		{D3AC48D3-5382-49F5-91D3-3FA35FA8FB19}.Debug|Mixed Platforms.ActiveCfg = Debug|Any CPU
		{D3AC48D3-5382-49F5-91D3-3FA35FA8FB19}.Debug|Mixed Platforms.Build.0 = Debug|Any CPU
		{D3AC48D3-5382-49F5-91D3-3FA35FA8FB19}.Debug|x86.ActiveCfg = Debug|Any CPU
		{D3AC48D3-5382-49F5-91D3-3FA35FA8FB19}.Release|Any CPU.ActiveCfg = Release|Any CPU
		{D3AC48D3-5382-49F5-91D3-3FA35FA8FB19}.Release|Any CPU.Build.0 = Release|Any CPU
		{D3AC48D3-5382-49F5-91D3-3FA35FA8FB19}.Release|Mixed Platforms.ActiveCfg = Release|Any CPU
		{D3AC48D3-5382-49F5-91D3-3FA35FA8FB19}.Release|Mixed Platforms.Build.0 = Release|Any CPU
		{D3AC48D3-5382-49F5-91D3-3FA35FA8FB19}.Release|x86.ActiveCfg = Release|Any CPU
		{C3C6396E-646D-4F2C-BE59-F7F53385351C}.Debug|Any CPU.ActiveCfg = Debug|Any CPU
		{C3C6396E-646D-4F2C-BE59-F7F53385351C}.Debug|Any CPU.Build.0 = Debug|Any CPU
		{C3C6396E-646D-4F2C-BE59-F7F53385351C}.Debug|Mixed Platforms.ActiveCfg = Debug|Any CPU
		{C3C6396E-646D-4F2C-BE59-F7F53385351C}.Debug|Mixed Platforms.Build.0 = Debug|Any CPU
		{C3C6396E-646D-4F2C-BE59-F7F53385351C}.Debug|x86.ActiveCfg = Debug|Any CPU
		{C3C6396E-646D-4F2C-BE59-F7F53385351C}.Release|Any CPU.ActiveCfg = Release|Any CPU
		{C3C6396E-646D-4F2C-BE59-F7F53385351C}.Release|Any CPU.Build.0 = Release|Any CPU
		{C3C6396E-646D-4F2C-BE59-F7F53385351C}.Release|Mixed Platforms.ActiveCfg = Release|Any CPU
		{C3C6396E-646D-4F2C-BE59-F7F53385351C}.Release|Mixed Platforms.Build.0 = Release|Any CPU
		{C3C6396E-646D-4F2C-BE59-F7F53385351C}.Release|x86.ActiveCfg = Release|Any CPU
		{35A03DA7-FB36-4D30-98DA-C77906A419F6}.Debug|Any CPU.ActiveCfg = Debug|Any CPU
		{35A03DA7-FB36-4D30-98DA-C77906A419F6}.Debug|Any CPU.Build.0 = Debug|Any CPU
		{35A03DA7-FB36-4D30-98DA-C77906A419F6}.Debug|Mixed Platforms.ActiveCfg = Debug|Any CPU
		{35A03DA7-FB36-4D30-98DA-C77906A419F6}.Debug|Mixed Platforms.Build.0 = Debug|Any CPU
		{35A03DA7-FB36-4D30-98DA-C77906A419F6}.Debug|x86.ActiveCfg = Debug|Any CPU
		{35A03DA7-FB36-4D30-98DA-C77906A419F6}.Release|Any CPU.ActiveCfg = Release|Any CPU
		{35A03DA7-FB36-4D30-98DA-C77906A419F6}.Release|Any CPU.Build.0 = Release|Any CPU
		{35A03DA7-FB36-4D30-98DA-C77906A419F6}.Release|Mixed Platforms.ActiveCfg = Release|Any CPU
		{35A03DA7-FB36-4D30-98DA-C77906A419F6}.Release|Mixed Platforms.Build.0 = Release|Any CPU
		{35A03DA7-FB36-4D30-98DA-C77906A419F6}.Release|x86.ActiveCfg = Release|Any CPU
		{AF85BE5F-C376-40EB-8EE9-4860CD57E4D7}.Debug|Any CPU.ActiveCfg = Debug|Any CPU
		{AF85BE5F-C376-40EB-8EE9-4860CD57E4D7}.Debug|Any CPU.Build.0 = Debug|Any CPU
		{AF85BE5F-C376-40EB-8EE9-4860CD57E4D7}.Debug|Mixed Platforms.ActiveCfg = Debug|Any CPU
		{AF85BE5F-C376-40EB-8EE9-4860CD57E4D7}.Debug|Mixed Platforms.Build.0 = Debug|Any CPU
		{AF85BE5F-C376-40EB-8EE9-4860CD57E4D7}.Debug|x86.ActiveCfg = Debug|Any CPU
		{AF85BE5F-C376-40EB-8EE9-4860CD57E4D7}.Release|Any CPU.ActiveCfg = Release|Any CPU
		{AF85BE5F-C376-40EB-8EE9-4860CD57E4D7}.Release|Any CPU.Build.0 = Release|Any CPU
		{AF85BE5F-C376-40EB-8EE9-4860CD57E4D7}.Release|Mixed Platforms.ActiveCfg = Release|Any CPU
		{AF85BE5F-C376-40EB-8EE9-4860CD57E4D7}.Release|Mixed Platforms.Build.0 = Release|Any CPU
		{AF85BE5F-C376-40EB-8EE9-4860CD57E4D7}.Release|x86.ActiveCfg = Release|Any CPU
		{9899F053-3446-410D-B0D2-39F7DD923850}.Debug|Any CPU.ActiveCfg = Debug|Any CPU
		{9899F053-3446-410D-B0D2-39F7DD923850}.Debug|Any CPU.Build.0 = Debug|Any CPU
		{9899F053-3446-410D-B0D2-39F7DD923850}.Debug|Mixed Platforms.ActiveCfg = Debug|Any CPU
		{9899F053-3446-410D-B0D2-39F7DD923850}.Debug|Mixed Platforms.Build.0 = Debug|Any CPU
		{9899F053-3446-410D-B0D2-39F7DD923850}.Debug|x86.ActiveCfg = Debug|Any CPU
		{9899F053-3446-410D-B0D2-39F7DD923850}.Release|Any CPU.ActiveCfg = Release|Any CPU
		{9899F053-3446-410D-B0D2-39F7DD923850}.Release|Any CPU.Build.0 = Release|Any CPU
		{9899F053-3446-410D-B0D2-39F7DD923850}.Release|Mixed Platforms.ActiveCfg = Release|Any CPU
		{9899F053-3446-410D-B0D2-39F7DD923850}.Release|Mixed Platforms.Build.0 = Release|Any CPU
		{9899F053-3446-410D-B0D2-39F7DD923850}.Release|x86.ActiveCfg = Release|Any CPU
	EndGlobalSection
	GlobalSection(SolutionProperties) = preSolution
		HideSolutionNode = FALSE
	EndGlobalSection
	GlobalSection(NestedProjects) = preSolution
		{07B82DFF-FB94-4CAF-A089-119F833B4484} = {426DEA60-4AEC-4820-8D8D-657DD64DF9B9}
		{7F6BB4CE-B5E8-4E98-ACE6-FBDA2268ED26} = {426DEA60-4AEC-4820-8D8D-657DD64DF9B9}
		{9899F053-3446-410D-B0D2-39F7DD923850} = {426DEA60-4AEC-4820-8D8D-657DD64DF9B9}
		{8362D785-524E-43B2-8090-00262DD37392} = {07B82DFF-FB94-4CAF-A089-119F833B4484}
		{7B658162-E02C-41FC-8295-6A1EFA6C7649} = {07B82DFF-FB94-4CAF-A089-119F833B4484}
		{CA09A680-D4E0-4A97-94C4-49B51357094F} = {07B82DFF-FB94-4CAF-A089-119F833B4484}
		{4602133E-8118-4B84-B1A3-D666AA1D3067} = {8362D785-524E-43B2-8090-00262DD37392}
		{1DBDF87A-B55A-4DB7-99C9-EEC323F7ACD8} = {8362D785-524E-43B2-8090-00262DD37392}
		{62AB8DAA-6A22-4E2E-9DC7-BFC09E7C9041} = {7B658162-E02C-41FC-8295-6A1EFA6C7649}
		{7B44B1A0-C3B9-4B6D-95A9-782564B30B40} = {7B658162-E02C-41FC-8295-6A1EFA6C7649}
		{046ABCE0-13EF-45F2-A997-9A9757DA2178} = {7B658162-E02C-41FC-8295-6A1EFA6C7649}
		{DDC48198-79A9-4266-8845-03663A1E3E76} = {62AB8DAA-6A22-4E2E-9DC7-BFC09E7C9041}
		{07314E73-2C72-4B37-A31C-38FA9071B327} = {62AB8DAA-6A22-4E2E-9DC7-BFC09E7C9041}
		{D3AC48D3-5382-49F5-91D3-3FA35FA8FB19} = {62AB8DAA-6A22-4E2E-9DC7-BFC09E7C9041}
		{C3C6396E-646D-4F2C-BE59-F7F53385351C} = {62AB8DAA-6A22-4E2E-9DC7-BFC09E7C9041}
		{35A03DA7-FB36-4D30-98DA-C77906A419F6} = {62AB8DAA-6A22-4E2E-9DC7-BFC09E7C9041}
		{AF85BE5F-C376-40EB-8EE9-4860CD57E4D7} = {62AB8DAA-6A22-4E2E-9DC7-BFC09E7C9041}
		{7D0C7AD7-7167-46EF-AEF2-98C5CAD34F41} = {1DBDF87A-B55A-4DB7-99C9-EEC323F7ACD8}
		{C11DD429-1AA2-4F18-8D1E-479988FF807F} = {1DBDF87A-B55A-4DB7-99C9-EEC323F7ACD8}
	EndGlobalSection
EndGlobal
